// !$*UTF8*$!
{
	archiveVersion = 1;
	classes = {
	};
	objectVersion = 46;
	objects = {

/* Begin PBXBuildFile section */
		1E365D7D1CD901B10023CEDF /* Photorama.xcdatamodeld in Sources */ = {isa = PBXBuildFile; fileRef = 1E365D7B1CD901B10023CEDF /* Photorama.xcdatamodeld */; };
		1E365D801CD9032A0023CEDF /* Photo+CoreDataProperties.swift in Sources */ = {isa = PBXBuildFile; fileRef = 1E365D7E1CD9032A0023CEDF /* Photo+CoreDataProperties.swift */; };
		1E365D811CD9032A0023CEDF /* Photo.swift in Sources */ = {isa = PBXBuildFile; fileRef = 1E365D7F1CD9032A0023CEDF /* Photo.swift */; };
		1E365D831CD904930023CEDF /* CoreDataStack.swift in Sources */ = {isa = PBXBuildFile; fileRef = 1E365D821CD904930023CEDF /* CoreDataStack.swift */; };
		1E4C93B31CD7AB93009F4638 /* AppDelegate.swift in Sources */ = {isa = PBXBuildFile; fileRef = 1E4C93B21CD7AB93009F4638 /* AppDelegate.swift */; };
		1E4C93B81CD7AB93009F4638 /* Main.storyboard in Resources */ = {isa = PBXBuildFile; fileRef = 1E4C93B61CD7AB93009F4638 /* Main.storyboard */; };
		1E4C93BA1CD7AB93009F4638 /* Assets.xcassets in Resources */ = {isa = PBXBuildFile; fileRef = 1E4C93B91CD7AB93009F4638 /* Assets.xcassets */; };
		1E4C93BD1CD7AB93009F4638 /* LaunchScreen.storyboard in Resources */ = {isa = PBXBuildFile; fileRef = 1E4C93BB1CD7AB93009F4638 /* LaunchScreen.storyboard */; };
		1E4C93C51CD7AC7D009F4638 /* PhotosViewController.swift in Sources */ = {isa = PBXBuildFile; fileRef = 1E4C93C41CD7AC7D009F4638 /* PhotosViewController.swift */; };
		1E4C93C71CD7AF67009F4638 /* FlickrAPI.swift in Sources */ = {isa = PBXBuildFile; fileRef = 1E4C93C61CD7AF67009F4638 /* FlickrAPI.swift */; };
		1E4C93CB1CD7B52A009F4638 /* PhotoStore.swift in Sources */ = {isa = PBXBuildFile; fileRef = 1E4C93CA1CD7B52A009F4638 /* PhotoStore.swift */; };
		1E4C93CF1CD7EAE6009F4638 /* PhotoDataSource.swift in Sources */ = {isa = PBXBuildFile; fileRef = 1E4C93CE1CD7EAE6009F4638 /* PhotoDataSource.swift */; };
		1EB92EF91CD92A3200C0B743 /* ImageStore.swift in Sources */ = {isa = PBXBuildFile; fileRef = 1EB92EF81CD92A3200C0B743 /* ImageStore.swift */; };
		1EB92EFF1CD947F300C0B743 /* TagsViewController.swift in Sources */ = {isa = PBXBuildFile; fileRef = 1EB92EFE1CD947F300C0B743 /* TagsViewController.swift */; };
		1ECDBAF71CD948BF00B2195E /* TagsDataSource.swift in Sources */ = {isa = PBXBuildFile; fileRef = 1ECDBAF61CD948BF00B2195E /* TagsDataSource.swift */; };
		1EF62CE31CD7EEDC002767D3 /* PhotoCollectionViewCell.swift in Sources */ = {isa = PBXBuildFile; fileRef = 1EF62CE21CD7EEDC002767D3 /* PhotoCollectionViewCell.swift */; };
		1EF62CE51CD7FA6B002767D3 /* PhotoInfoViewController.swift in Sources */ = {isa = PBXBuildFile; fileRef = 1EF62CE41CD7FA6B002767D3 /* PhotoInfoViewController.swift */; };
/* End PBXBuildFile section */

/* Begin PBXFileReference section */
		1E365D7C1CD901B10023CEDF /* Photorama.xcdatamodel */ = {isa = PBXFileReference; lastKnownFileType = wrapper.xcdatamodel; path = Photorama.xcdatamodel; sourceTree = "<group>"; };
		1E365D7E1CD9032A0023CEDF /* Photo+CoreDataProperties.swift */ = {isa = PBXFileReference; fileEncoding = 4; lastKnownFileType = sourcecode.swift; path = "Photo+CoreDataProperties.swift"; sourceTree = "<group>"; };
		1E365D7F1CD9032A0023CEDF /* Photo.swift */ = {isa = PBXFileReference; fileEncoding = 4; lastKnownFileType = sourcecode.swift; path = Photo.swift; sourceTree = "<group>"; };
		1E365D821CD904930023CEDF /* CoreDataStack.swift */ = {isa = PBXFileReference; fileEncoding = 4; lastKnownFileType = sourcecode.swift; path = CoreDataStack.swift; sourceTree = "<group>"; };
		1E4C93AF1CD7AB93009F4638 /* Photorama.app */ = {isa = PBXFileReference; explicitFileType = wrapper.application; includeInIndex = 0; path = Photorama.app; sourceTree = BUILT_PRODUCTS_DIR; };
		1E4C93B21CD7AB93009F4638 /* AppDelegate.swift */ = {isa = PBXFileReference; lastKnownFileType = sourcecode.swift; path = AppDelegate.swift; sourceTree = "<group>"; };
		1E4C93B71CD7AB93009F4638 /* Base */ = {isa = PBXFileReference; lastKnownFileType = file.storyboard; name = Base; path = Base.lproj/Main.storyboard; sourceTree = "<group>"; };
		1E4C93B91CD7AB93009F4638 /* Assets.xcassets */ = {isa = PBXFileReference; lastKnownFileType = folder.assetcatalog; path = Assets.xcassets; sourceTree = "<group>"; };
		1E4C93BC1CD7AB93009F4638 /* Base */ = {isa = PBXFileReference; lastKnownFileType = file.storyboard; name = Base; path = Base.lproj/LaunchScreen.storyboard; sourceTree = "<group>"; };
		1E4C93BE1CD7AB93009F4638 /* Info.plist */ = {isa = PBXFileReference; lastKnownFileType = text.plist.xml; path = Info.plist; sourceTree = "<group>"; };
		1E4C93C41CD7AC7D009F4638 /* PhotosViewController.swift */ = {isa = PBXFileReference; fileEncoding = 4; lastKnownFileType = sourcecode.swift; path = PhotosViewController.swift; sourceTree = "<group>"; };
		1E4C93C61CD7AF67009F4638 /* FlickrAPI.swift */ = {isa = PBXFileReference; fileEncoding = 4; lastKnownFileType = sourcecode.swift; path = FlickrAPI.swift; sourceTree = "<group>"; };
		1E4C93CA1CD7B52A009F4638 /* PhotoStore.swift */ = {isa = PBXFileReference; fileEncoding = 4; lastKnownFileType = sourcecode.swift; path = PhotoStore.swift; sourceTree = "<group>"; };
		1E4C93CE1CD7EAE6009F4638 /* PhotoDataSource.swift */ = {isa = PBXFileReference; fileEncoding = 4; lastKnownFileType = sourcecode.swift; path = PhotoDataSource.swift; sourceTree = "<group>"; };
		1EB92EF81CD92A3200C0B743 /* ImageStore.swift */ = {isa = PBXFileReference; fileEncoding = 4; lastKnownFileType = sourcecode.swift; path = ImageStore.swift; sourceTree = "<group>"; };
		1EB92EFE1CD947F300C0B743 /* TagsViewController.swift */ = {isa = PBXFileReference; fileEncoding = 4; lastKnownFileType = sourcecode.swift; path = TagsViewController.swift; sourceTree = "<group>"; };
		1ECDBAF61CD948BF00B2195E /* TagsDataSource.swift */ = {isa = PBXFileReference; fileEncoding = 4; lastKnownFileType = sourcecode.swift; path = TagsDataSource.swift; sourceTree = "<group>"; };
		1EF62CE21CD7EEDC002767D3 /* PhotoCollectionViewCell.swift */ = {isa = PBXFileReference; fileEncoding = 4; lastKnownFileType = sourcecode.swift; path = PhotoCollectionViewCell.swift; sourceTree = "<group>"; };
		1EF62CE41CD7FA6B002767D3 /* PhotoInfoViewController.swift */ = {isa = PBXFileReference; fileEncoding = 4; lastKnownFileType = sourcecode.swift; path = PhotoInfoViewController.swift; sourceTree = "<group>"; };
/* End PBXFileReference section */

/* Begin PBXFrameworksBuildPhase section */
		1E4C93AC1CD7AB93009F4638 /* Frameworks */ = {
			isa = PBXFrameworksBuildPhase;
			buildActionMask = 2147483647;
			files = (
			);
			runOnlyForDeploymentPostprocessing = 0;
		};
/* End PBXFrameworksBuildPhase section */

/* Begin PBXGroup section */
		1E4C93A61CD7AB93009F4638 = {
			isa = PBXGroup;
			children = (
				1E4C93B11CD7AB93009F4638 /* Photorama */,
				1E4C93B01CD7AB93009F4638 /* Products */,
			);
			sourceTree = "<group>";
		};
		1E4C93B01CD7AB93009F4638 /* Products */ = {
			isa = PBXGroup;
			children = (
				1E4C93AF1CD7AB93009F4638 /* Photorama.app */,
			);
			name = Products;
			sourceTree = "<group>";
		};
		1E4C93B11CD7AB93009F4638 /* Photorama */ = {
			isa = PBXGroup;
			children = (
				1E4C93B21CD7AB93009F4638 /* AppDelegate.swift */,
				1E365D821CD904930023CEDF /* CoreDataStack.swift */,
				1E4C93C61CD7AF67009F4638 /* FlickrAPI.swift */,
				1E365D7E1CD9032A0023CEDF /* Photo+CoreDataProperties.swift */,
				1E365D7F1CD9032A0023CEDF /* Photo.swift */,
				1E4C93CA1CD7B52A009F4638 /* PhotoStore.swift */,
				1EB92EF81CD92A3200C0B743 /* ImageStore.swift */,
				1E4C93CE1CD7EAE6009F4638 /* PhotoDataSource.swift */,
				1EF62CE21CD7EEDC002767D3 /* PhotoCollectionViewCell.swift */,
				1E4C93C41CD7AC7D009F4638 /* PhotosViewController.swift */,
				1EF62CE41CD7FA6B002767D3 /* PhotoInfoViewController.swift */,
				1EB92EFE1CD947F300C0B743 /* TagsViewController.swift */,
				1ECDBAF61CD948BF00B2195E /* TagsDataSource.swift */,
				1E365D7B1CD901B10023CEDF /* Photorama.xcdatamodeld */,
				1E4C93B61CD7AB93009F4638 /* Main.storyboard */,
				1E4C93B91CD7AB93009F4638 /* Assets.xcassets */,
				1E4C93BB1CD7AB93009F4638 /* LaunchScreen.storyboard */,
				1E4C93BE1CD7AB93009F4638 /* Info.plist */,
			);
			path = Photorama;
			sourceTree = "<group>";
		};
/* End PBXGroup section */

/* Begin PBXNativeTarget section */
		1E4C93AE1CD7AB93009F4638 /* Photorama */ = {
			isa = PBXNativeTarget;
			buildConfigurationList = 1E4C93C11CD7AB93009F4638 /* Build configuration list for PBXNativeTarget "Photorama" */;
			buildPhases = (
				1E4C93AB1CD7AB93009F4638 /* Sources */,
				1E4C93AC1CD7AB93009F4638 /* Frameworks */,
				1E4C93AD1CD7AB93009F4638 /* Resources */,
			);
			buildRules = (
			);
			dependencies = (
			);
			name = Photorama;
			productName = Photorama;
			productReference = 1E4C93AF1CD7AB93009F4638 /* Photorama.app */;
			productType = "com.apple.product-type.application";
		};
/* End PBXNativeTarget section */

/* Begin PBXProject section */
		1E4C93A71CD7AB93009F4638 /* Project object */ = {
			isa = PBXProject;
			attributes = {
				LastSwiftUpdateCheck = 0730;
				LastUpgradeCheck = 0730;
				ORGANIZATIONNAME = nmg82;
				TargetAttributes = {
					1E4C93AE1CD7AB93009F4638 = {
						CreatedOnToolsVersion = 7.3;
					};
				};
			};
			buildConfigurationList = 1E4C93AA1CD7AB93009F4638 /* Build configuration list for PBXProject "Photorama" */;
			compatibilityVersion = "Xcode 3.2";
			developmentRegion = English;
			hasScannedForEncodings = 0;
			knownRegions = (
				en,
				Base,
			);
			mainGroup = 1E4C93A61CD7AB93009F4638;
			productRefGroup = 1E4C93B01CD7AB93009F4638 /* Products */;
			projectDirPath = "";
			projectRoot = "";
			targets = (
				1E4C93AE1CD7AB93009F4638 /* Photorama */,
			);
		};
/* End PBXProject section */

/* Begin PBXResourcesBuildPhase section */
		1E4C93AD1CD7AB93009F4638 /* Resources */ = {
			isa = PBXResourcesBuildPhase;
			buildActionMask = 2147483647;
			files = (
				1E4C93BD1CD7AB93009F4638 /* LaunchScreen.storyboard in Resources */,
				1E4C93BA1CD7AB93009F4638 /* Assets.xcassets in Resources */,
				1E4C93B81CD7AB93009F4638 /* Main.storyboard in Resources */,
			);
			runOnlyForDeploymentPostprocessing = 0;
		};
/* End PBXResourcesBuildPhase section */

/* Begin PBXSourcesBuildPhase section */
		1E4C93AB1CD7AB93009F4638 /* Sources */ = {
			isa = PBXSourcesBuildPhase;
			buildActionMask = 2147483647;
			files = (
				1E4C93C71CD7AF67009F4638 /* FlickrAPI.swift in Sources */,
				1E4C93C51CD7AC7D009F4638 /* PhotosViewController.swift in Sources */,
				1E365D7D1CD901B10023CEDF /* Photorama.xcdatamodeld in Sources */,
				1E4C93CB1CD7B52A009F4638 /* PhotoStore.swift in Sources */,
				1E365D811CD9032A0023CEDF /* Photo.swift in Sources */,
				1E4C93CF1CD7EAE6009F4638 /* PhotoDataSource.swift in Sources */,
				1EB92EFF1CD947F300C0B743 /* TagsViewController.swift in Sources */,
				1ECDBAF71CD948BF00B2195E /* TagsDataSource.swift in Sources */,
				1E365D831CD904930023CEDF /* CoreDataStack.swift in Sources */,
				1EF62CE31CD7EEDC002767D3 /* PhotoCollectionViewCell.swift in Sources */,
				1E365D801CD9032A0023CEDF /* Photo+CoreDataProperties.swift in Sources */,
				1EF62CE51CD7FA6B002767D3 /* PhotoInfoViewController.swift in Sources */,
				1E4C93B31CD7AB93009F4638 /* AppDelegate.swift in Sources */,
				1EB92EF91CD92A3200C0B743 /* ImageStore.swift in Sources */,
			);
			runOnlyForDeploymentPostprocessing = 0;
		};
/* End PBXSourcesBuildPhase section */

/* Begin PBXVariantGroup section */
		1E4C93B61CD7AB93009F4638 /* Main.storyboard */ = {
			isa = PBXVariantGroup;
			children = (
				1E4C93B71CD7AB93009F4638 /* Base */,
			);
			name = Main.storyboard;
			sourceTree = "<group>";
		};
		1E4C93BB1CD7AB93009F4638 /* LaunchScreen.storyboard */ = {
			isa = PBXVariantGroup;
			children = (
				1E4C93BC1CD7AB93009F4638 /* Base */,
			);
			name = LaunchScreen.storyboard;
			sourceTree = "<group>";
		};
/* End PBXVariantGroup section */

/* Begin XCBuildConfiguration section */
		1E4C93BF1CD7AB93009F4638 /* Debug */ = {
			isa = XCBuildConfiguration;
			buildSettings = {
				ALWAYS_SEARCH_USER_PATHS = NO;
				CLANG_ANALYZER_NONNULL = YES;
				CLANG_CXX_LANGUAGE_STANDARD = "gnu++0x";
				CLANG_CXX_LIBRARY = "libc++";
				CLANG_ENABLE_MODULES = YES;
				CLANG_ENABLE_OBJC_ARC = YES;
				CLANG_WARN_BOOL_CONVERSION = YES;
				CLANG_WARN_CONSTANT_CONVERSION = YES;
				CLANG_WARN_DIRECT_OBJC_ISA_USAGE = YES_ERROR;
				CLANG_WARN_EMPTY_BODY = YES;
				CLANG_WARN_ENUM_CONVERSION = YES;
				CLANG_WARN_INT_CONVERSION = YES;
				CLANG_WARN_OBJC_ROOT_CLASS = YES_ERROR;
				CLANG_WARN_UNREACHABLE_CODE = YES;
				CLANG_WARN__DUPLICATE_METHOD_MATCH = YES;
				"CODE_SIGN_IDENTITY[sdk=iphoneos*]" = "iPhone Developer";
				COPY_PHASE_STRIP = NO;
				DEBUG_INFORMATION_FORMAT = dwarf;
				ENABLE_STRICT_OBJC_MSGSEND = YES;
				ENABLE_TESTABILITY = YES;
				GCC_C_LANGUAGE_STANDARD = gnu99;
				GCC_DYNAMIC_NO_PIC = NO;
				GCC_NO_COMMON_BLOCKS = YES;
				GCC_OPTIMIZATION_LEVEL = 0;
				GCC_PREPROCESSOR_DEFINITIONS = (
					"DEBUG=1",
					"$(inherited)",
				);
				GCC_WARN_64_TO_32_BIT_CONVERSION = YES;
				GCC_WARN_ABOUT_RETURN_TYPE = YES_ERROR;
				GCC_WARN_UNDECLARED_SELECTOR = YES;
				GCC_WARN_UNINITIALIZED_AUTOS = YES_AGGRESSIVE;
				GCC_WARN_UNUSED_FUNCTION = YES;
				GCC_WARN_UNUSED_VARIABLE = YES;
				IPHONEOS_DEPLOYMENT_TARGET = 9.3;
				MTL_ENABLE_DEBUG_INFO = YES;
				ONLY_ACTIVE_ARCH = YES;
				SDKROOT = iphoneos;
				SWIFT_OPTIMIZATION_LEVEL = "-Onone";
				TARGETED_DEVICE_FAMILY = "1,2";
			};
			name = Debug;
		};
		1E4C93C01CD7AB93009F4638 /* Release */ = {
			isa = XCBuildConfiguration;
			buildSettings = {
				ALWAYS_SEARCH_USER_PATHS = NO;
				CLANG_ANALYZER_NONNULL = YES;
				CLANG_CXX_LANGUAGE_STANDARD = "gnu++0x";
				CLANG_CXX_LIBRARY = "libc++";
				CLANG_ENABLE_MODULES = YES;
				CLANG_ENABLE_OBJC_ARC = YES;
				CLANG_WARN_BOOL_CONVERSION = YES;
				CLANG_WARN_CONSTANT_CONVERSION = YES;
				CLANG_WARN_DIRECT_OBJC_ISA_USAGE = YES_ERROR;
				CLANG_WARN_EMPTY_BODY = YES;
				CLANG_WARN_ENUM_CONVERSION = YES;
				CLANG_WARN_INT_CONVERSION = YES;
				CLANG_WARN_OBJC_ROOT_CLASS = YES_ERROR;
				CLANG_WARN_UNREACHABLE_CODE = YES;
				CLANG_WARN__DUPLICATE_METHOD_MATCH = YES;
				"CODE_SIGN_IDENTITY[sdk=iphoneos*]" = "iPhone Developer";
				COPY_PHASE_STRIP = NO;
				DEBUG_INFORMATION_FORMAT = "dwarf-with-dsym";
				ENABLE_NS_ASSERTIONS = NO;
				ENABLE_STRICT_OBJC_MSGSEND = YES;
				GCC_C_LANGUAGE_STANDARD = gnu99;
				GCC_NO_COMMON_BLOCKS = YES;
				GCC_WARN_64_TO_32_BIT_CONVERSION = YES;
				GCC_WARN_ABOUT_RETURN_TYPE = YES_ERROR;
				GCC_WARN_UNDECLARED_SELECTOR = YES;
				GCC_WARN_UNINITIALIZED_AUTOS = YES_AGGRESSIVE;
				GCC_WARN_UNUSED_FUNCTION = YES;
				GCC_WARN_UNUSED_VARIABLE = YES;
				IPHONEOS_DEPLOYMENT_TARGET = 9.3;
				MTL_ENABLE_DEBUG_INFO = NO;
				SDKROOT = iphoneos;
				TARGETED_DEVICE_FAMILY = "1,2";
				VALIDATE_PRODUCT = YES;
			};
			name = Release;
		};
		1E4C93C21CD7AB93009F4638 /* Debug */ = {
			isa = XCBuildConfiguration;
			buildSettings = {
				ASSETCATALOG_COMPILER_APPICON_NAME = AppIcon;
				INFOPLIST_FILE = Photorama/Info.plist;
				LD_RUNPATH_SEARCH_PATHS = "$(inherited) @executable_path/Frameworks";
				PRODUCT_BUNDLE_IDENTIFIER = com.example.Photorama;
				PRODUCT_NAME = "$(TARGET_NAME)";
			};
			name = Debug;
		};
		1E4C93C31CD7AB93009F4638 /* Release */ = {
			isa = XCBuildConfiguration;
			buildSettings = {
				ASSETCATALOG_COMPILER_APPICON_NAME = AppIcon;
				INFOPLIST_FILE = Photorama/Info.plist;
				LD_RUNPATH_SEARCH_PATHS = "$(inherited) @executable_path/Frameworks";
				PRODUCT_BUNDLE_IDENTIFIER = com.example.Photorama;
				PRODUCT_NAME = "$(TARGET_NAME)";
			};
			name = Release;
		};
/* End XCBuildConfiguration section */

/* Begin XCConfigurationList section */
		1E4C93AA1CD7AB93009F4638 /* Build configuration list for PBXProject "Photorama" */ = {
			isa = XCConfigurationList;
			buildConfigurations = (
				1E4C93BF1CD7AB93009F4638 /* Debug */,
				1E4C93C01CD7AB93009F4638 /* Release */,
			);
			defaultConfigurationIsVisible = 0;
			defaultConfigurationName = Release;
		};
		1E4C93C11CD7AB93009F4638 /* Build configuration list for PBXNativeTarget "Photorama" */ = {
			isa = XCConfigurationList;
			buildConfigurations = (
				1E4C93C21CD7AB93009F4638 /* Debug */,
				1E4C93C31CD7AB93009F4638 /* Release */,
			);
			defaultConfigurationIsVisible = 0;
			defaultConfigurationName = Release;
		};
/* End XCConfigurationList section */

/* Begin XCVersionGroup section */
		1E365D7B1CD901B10023CEDF /* Photorama.xcdatamodeld */ = {
			isa = XCVersionGroup;
			children = (
				1E365D7C1CD901B10023CEDF /* Photorama.xcdatamodel */,
			);
			currentVersion = 1E365D7C1CD901B10023CEDF /* Photorama.xcdatamodel */;
			path = Photorama.xcdatamodeld;
			sourceTree = "<group>";
			versionGroupType = wrapper.xcdatamodel;
		};
/* End XCVersionGroup section */
	};
	rootObject = 1E4C93A71CD7AB93009F4638 /* Project object */;
}
